
Microsoft Visual Studio Solution File, Format Version 12.00
# Visual Studio Version 16
VisualStudioVersion = 16.0.33328.57
MinimumVisualStudioVersion = 10.0.40219.1
Project("{FAE04EC0-301F-11D3-BF4B-00C04F79EFBC}") = "Demo.Api", "Demo.Api\Demo.Api.csproj", "{4BD4F6E7-DE58-4062-9647-8436DB2896A3}"
EndProject
Global
	GlobalSection(SolutionConfigurationPlatforms) = preSolution
		Debug|Any CPU = Debug|Any CPU
		Release|Any CPU = Release|Any CPU
	EndGlobalSection
	GlobalSection(ProjectConfigurationPlatforms) = postSolution
		{4BD4F6E7-DE58-4062-9647-8436DB2896A3}.Debug|Any CPU.ActiveCfg = Debug|Any CPU
		{4BD4F6E7-DE58-4062-9647-8436DB2896A3}.Debug|Any CPU.Build.0 = Debug|Any CPU
		{4BD4F6E7-DE58-4062-9647-8436DB2896A3}.Release|Any CPU.ActiveCfg = Release|Any CPU
		{4BD4F6E7-DE58-4062-9647-8436DB2896A3}.Release|Any CPU.Build.0 = Release|Any CPU
	EndGlobalSection
	GlobalSection(SolutionProperties) = preSolution
		HideSolutionNode = FALSE
	EndGlobalSection
	GlobalSection(ExtensibilityGlobals) = postSolution
		SolutionGuid = {1B5ABBC4-5E69-45A7-85EA-E571BAA35163}
	EndGlobalSection
EndGlobal
